// !$*UTF8*$!
{
	archiveVersion = 1;
	classes = {
	};
	objectVersion = 48;
	objects = {

/* Begin PBXBuildFile section */
		645A7EAA20B45385008B514F /* categoryCell.swift in Sources */ = {isa = PBXBuildFile; fileRef = 645A7EA920B45385008B514F /* categoryCell.swift */; };
		645A7EAC20B457DB008B514F /* appCell.swift in Sources */ = {isa = PBXBuildFile; fileRef = 645A7EAB20B457DB008B514F /* appCell.swift */; };
		64D5301D20B405CC0081689C /* AppDelegate.swift in Sources */ = {isa = PBXBuildFile; fileRef = 64D5301C20B405CC0081689C /* AppDelegate.swift */; };
		64D5301F20B405CC0081689C /* ViewController.swift in Sources */ = {isa = PBXBuildFile; fileRef = 64D5301E20B405CC0081689C /* ViewController.swift */; };
		64D5302220B405CC0081689C /* Main.storyboard in Resources */ = {isa = PBXBuildFile; fileRef = 64D5302020B405CC0081689C /* Main.storyboard */; };
		64D5302520B405CC0081689C /* Appstore.xcdatamodeld in Sources */ = {isa = PBXBuildFile; fileRef = 64D5302320B405CC0081689C /* Appstore.xcdatamodeld */; };
		64D5302720B405CC0081689C /* Assets.xcassets in Resources */ = {isa = PBXBuildFile; fileRef = 64D5302620B405CC0081689C /* Assets.xcassets */; };
		64D5302A20B405CC0081689C /* LaunchScreen.storyboard in Resources */ = {isa = PBXBuildFile; fileRef = 64D5302820B405CC0081689C /* LaunchScreen.storyboard */; };
/* End PBXBuildFile section */

/* Begin PBXFileReference section */
		645A7EA920B45385008B514F /* categoryCell.swift */ = {isa = PBXFileReference; lastKnownFileType = sourcecode.swift; path = categoryCell.swift; sourceTree = "<group>"; };
		645A7EAB20B457DB008B514F /* appCell.swift */ = {isa = PBXFileReference; lastKnownFileType = sourcecode.swift; path = appCell.swift; sourceTree = "<group>"; };
		64D5301920B405CC0081689C /* Appstore.app */ = {isa = PBXFileReference; explicitFileType = wrapper.application; includeInIndex = 0; path = Appstore.app; sourceTree = BUILT_PRODUCTS_DIR; };
		64D5301C20B405CC0081689C /* AppDelegate.swift */ = {isa = PBXFileReference; lastKnownFileType = sourcecode.swift; path = AppDelegate.swift; sourceTree = "<group>"; };
		64D5301E20B405CC0081689C /* ViewController.swift */ = {isa = PBXFileReference; lastKnownFileType = sourcecode.swift; path = ViewController.swift; sourceTree = "<group>"; };
		64D5302120B405CC0081689C /* Base */ = {isa = PBXFileReference; lastKnownFileType = file.storyboard; name = Base; path = Base.lproj/Main.storyboard; sourceTree = "<group>"; };
		64D5302420B405CC0081689C /* Appstore.xcdatamodel */ = {isa = PBXFileReference; lastKnownFileType = wrapper.xcdatamodel; path = Appstore.xcdatamodel; sourceTree = "<group>"; };
		64D5302620B405CC0081689C /* Assets.xcassets */ = {isa = PBXFileReference; lastKnownFileType = folder.assetcatalog; path = Assets.xcassets; sourceTree = "<group>"; };
		64D5302920B405CC0081689C /* Base */ = {isa = PBXFileReference; lastKnownFileType = file.storyboard; name = Base; path = Base.lproj/LaunchScreen.storyboard; sourceTree = "<group>"; };
		64D5302B20B405CC0081689C /* Info.plist */ = {isa = PBXFileReference; lastKnownFileType = text.plist.xml; path = Info.plist; sourceTree = "<group>"; };
/* End PBXFileReference section */

/* Begin PBXFrameworksBuildPhase section */
		64D5301620B405CC0081689C /* Frameworks */ = {
			isa = PBXFrameworksBuildPhase;
			buildActionMask = 2147483647;
			files = (
			);
			runOnlyForDeploymentPostprocessing = 0;
		};
/* End PBXFrameworksBuildPhase section */

/* Begin PBXGroup section */
		64D5301020B405CC0081689C = {
			isa = PBXGroup;
			children = (
				64D5301B20B405CC0081689C /* Appstore */,
				64D5301A20B405CC0081689C /* Products */,
			);
			sourceTree = "<group>";
		};
		64D5301A20B405CC0081689C /* Products */ = {
			isa = PBXGroup;
			children = (
				64D5301920B405CC0081689C /* Appstore.app */,
			);
			name = Products;
			sourceTree = "<group>";
		};
		64D5301B20B405CC0081689C /* Appstore */ = {
			isa = PBXGroup;
			children = (
				64D5301C20B405CC0081689C /* AppDelegate.swift */,
				64D5301E20B405CC0081689C /* ViewController.swift */,
				645A7EA920B45385008B514F /* categoryCell.swift */,
				645A7EAB20B457DB008B514F /* appCell.swift */,
				64D5302020B405CC0081689C /* Main.storyboard */,
				64D5302620B405CC0081689C /* Assets.xcassets */,
				64D5302820B405CC0081689C /* LaunchScreen.storyboard */,
				64D5302B20B405CC0081689C /* Info.plist */,
				64D5302320B405CC0081689C /* Appstore.xcdatamodeld */,
			);
			path = Appstore;
			sourceTree = "<group>";
		};
/* End PBXGroup section */

/* Begin PBXNativeTarget section */
		64D5301820B405CC0081689C /* Appstore */ = {
			isa = PBXNativeTarget;
			buildConfigurationList = 64D5302E20B405CC0081689C /* Build configuration list for PBXNativeTarget "Appstore" */;
			buildPhases = (
				64D5301520B405CC0081689C /* Sources */,
				64D5301620B405CC0081689C /* Frameworks */,
				64D5301720B405CC0081689C /* Resources */,
			);
			buildRules = (
			);
			dependencies = (
			);
			name = Appstore;
			productName = Appstore;
			productReference = 64D5301920B405CC0081689C /* Appstore.app */;
			productType = "com.apple.product-type.application";
		};
/* End PBXNativeTarget section */

/* Begin PBXProject section */
		64D5301120B405CC0081689C /* Project object */ = {
			isa = PBXProject;
			attributes = {
				LastSwiftUpdateCheck = 0910;
				LastUpgradeCheck = 0910;
				ORGANIZATIONNAME = "Selva Balasubramanian";
				TargetAttributes = {
					64D5301820B405CC0081689C = {
						CreatedOnToolsVersion = 9.1;
						ProvisioningStyle = Automatic;
					};
				};
			};
			buildConfigurationList = 64D5301420B405CC0081689C /* Build configuration list for PBXProject "Appstore" */;
			compatibilityVersion = "Xcode 8.0";
			developmentRegion = en;
			hasScannedForEncodings = 0;
			knownRegions = (
				en,
				Base,
			);
			mainGroup = 64D5301020B405CC0081689C;
			productRefGroup = 64D5301A20B405CC0081689C /* Products */;
			projectDirPath = "";
			projectRoot = "";
			targets = (
				64D5301820B405CC0081689C /* Appstore */,
			);
		};
/* End PBXProject section */

/* Begin PBXResourcesBuildPhase section */
		64D5301720B405CC0081689C /* Resources */ = {
			isa = PBXResourcesBuildPhase;
			buildActionMask = 2147483647;
			files = (
				64D5302A20B405CC0081689C /* LaunchScreen.storyboard in Resources */,
				64D5302720B405CC0081689C /* Assets.xcassets in Resources */,
				64D5302220B405CC0081689C /* Main.storyboard in Resources */,
			);
			runOnlyForDeploymentPostprocessing = 0;
		};
/* End PBXResourcesBuildPhase section */

/* Begin PBXSourcesBuildPhase section */
		64D5301520B405CC0081689C /* Sources */ = {
			isa = PBXSourcesBuildPhase;
			buildActionMask = 2147483647;
			files = (
				64D5302520B405CC0081689C /* Appstore.xcdatamodeld in Sources */,
				64D5301F20B405CC0081689C /* ViewController.swift in Sources */,
				645A7EAC20B457DB008B514F /* appCell.swift in Sources */,
				64D5301D20B405CC0081689C /* AppDelegate.swift in Sources */,
				645A7EAA20B45385008B514F /* categoryCell.swift in Sources */,
			);
			runOnlyForDeploymentPostprocessing = 0;
		};
/* End PBXSourcesBuildPhase section */

/* Begin PBXVariantGroup section */
		64D5302020B405CC0081689C /* Main.storyboard */ = {
			isa = PBXVariantGroup;
			children = (
				64D5302120B405CC0081689C /* Base */,
			);
			name = Main.storyboard;
			sourceTree = "<group>";
		};
		64D5302820B405CC0081689C /* LaunchScreen.storyboard */ = {
			isa = PBXVariantGroup;
			children = (
				64D5302920B405CC0081689C /* Base */,
			);
			name = LaunchScreen.storyboard;
			sourceTree = "<group>";
		};
/* End PBXVariantGroup section */

/* Begin XCBuildConfiguration section */
		64D5302C20B405CC0081689C /* Debug */ = {
			isa = XCBuildConfiguration;
			buildSettings = {
				ALWAYS_SEARCH_USER_PATHS = NO;
				CLANG_ANALYZER_NONNULL = YES;
				CLANG_ANALYZER_NUMBER_OBJECT_CONVERSION = YES_AGGRESSIVE;
				CLANG_CXX_LANGUAGE_STANDARD = "gnu++14";
				CLANG_CXX_LIBRARY = "libc++";
				CLANG_ENABLE_MODULES = YES;
				CLANG_ENABLE_OBJC_ARC = YES;
				CLANG_WARN_BLOCK_CAPTURE_AUTORELEASING = YES;
				CLANG_WARN_BOOL_CONVERSION = YES;
				CLANG_WARN_COMMA = YES;
				CLANG_WARN_CONSTANT_CONVERSION = YES;
				CLANG_WARN_DIRECT_OBJC_ISA_USAGE = YES_ERROR;
				CLANG_WARN_DOCUMENTATION_COMMENTS = YES;
				CLANG_WARN_EMPTY_BODY = YES;
				CLANG_WARN_ENUM_CONVERSION = YES;
				CLANG_WARN_INFINITE_RECURSION = YES;
				CLANG_WARN_INT_CONVERSION = YES;
				CLANG_WARN_NON_LITERAL_NULL_CONVERSION = YES;
				CLANG_WARN_OBJC_LITERAL_CONVERSION = YES;
				CLANG_WARN_OBJC_ROOT_CLASS = YES_ERROR;
				CLANG_WARN_RANGE_LOOP_ANALYSIS = YES;
				CLANG_WARN_STRICT_PROTOTYPES = YES;
				CLANG_WARN_SUSPICIOUS_MOVE = YES;
				CLANG_WARN_UNGUARDED_AVAILABILITY = YES_AGGRESSIVE;
				CLANG_WARN_UNREACHABLE_CODE = YES;
				CLANG_WARN__DUPLICATE_METHOD_MATCH = YES;
				CODE_SIGN_IDENTITY = "iPhone Developer";
				COPY_PHASE_STRIP = NO;
				DEBUG_INFORMATION_FORMAT = dwarf;
				ENABLE_STRICT_OBJC_MSGSEND = YES;
				ENABLE_TESTABILITY = YES;
				GCC_C_LANGUAGE_STANDARD = gnu11;
				GCC_DYNAMIC_NO_PIC = NO;
				GCC_NO_COMMON_BLOCKS = YES;
				GCC_OPTIMIZATION_LEVEL = 0;
				GCC_PREPROCESSOR_DEFINITIONS = (
					"DEBUG=1",
					"$(inherited)",
				);
				GCC_WARN_64_TO_32_BIT_CONVERSION = YES;
				GCC_WARN_ABOUT_RETURN_TYPE = YES_ERROR;
				GCC_WARN_UNDECLARED_SELECTOR = YES;
				GCC_WARN_UNINITIALIZED_AUTOS = YES_AGGRESSIVE;
				GCC_WARN_UNUSED_FUNCTION = YES;
				GCC_WARN_UNUSED_VARIABLE = YES;
				IPHONEOS_DEPLOYMENT_TARGET = 11.1;
				MTL_ENABLE_DEBUG_INFO = YES;
				ONLY_ACTIVE_ARCH = YES;
				SDKROOT = iphoneos;
				SWIFT_ACTIVE_COMPILATION_CONDITIONS = DEBUG;
				SWIFT_OPTIMIZATION_LEVEL = "-Onone";
			};
			name = Debug;
		};
		64D5302D20B405CC0081689C /* Release */ = {
			isa = XCBuildConfiguration;
			buildSettings = {
				ALWAYS_SEARCH_USER_PATHS = NO;
				CLANG_ANALYZER_NONNULL = YES;
				CLANG_ANALYZER_NUMBER_OBJECT_CONVERSION = YES_AGGRESSIVE;
				CLANG_CXX_LANGUAGE_STANDARD = "gnu++14";
				CLANG_CXX_LIBRARY = "libc++";
				CLANG_ENABLE_MODULES = YES;
				CLANG_ENABLE_OBJC_ARC = YES;
				CLANG_WARN_BLOCK_CAPTURE_AUTORELEASING = YES;
				CLANG_WARN_BOOL_CONVERSION = YES;
				CLANG_WARN_COMMA = YES;
				CLANG_WARN_CONSTANT_CONVERSION = YES;
				CLANG_WARN_DIRECT_OBJC_ISA_USAGE = YES_ERROR;
				CLANG_WARN_DOCUMENTATION_COMMENTS = YES;
				CLANG_WARN_EMPTY_BODY = YES;
				CLANG_WARN_ENUM_CONVERSION = YES;
				CLANG_WARN_INFINITE_RECURSION = YES;
				CLANG_WARN_INT_CONVERSION = YES;
				CLANG_WARN_NON_LITERAL_NULL_CONVERSION = YES;
				CLANG_WARN_OBJC_LITERAL_CONVERSION = YES;
				CLANG_WARN_OBJC_ROOT_CLASS = YES_ERROR;
				CLANG_WARN_RANGE_LOOP_ANALYSIS = YES;
				CLANG_WARN_STRICT_PROTOTYPES = YES;
				CLANG_WARN_SUSPICIOUS_MOVE = YES;
				CLANG_WARN_UNGUARDED_AVAILABILITY = YES_AGGRESSIVE;
				CLANG_WARN_UNREACHABLE_CODE = YES;
				CLANG_WARN__DUPLICATE_METHOD_MATCH = YES;
				CODE_SIGN_IDENTITY = "iPhone Developer";
				COPY_PHASE_STRIP = NO;
				DEBUG_INFORMATION_FORMAT = "dwarf-with-dsym";
				ENABLE_NS_ASSERTIONS = NO;
				ENABLE_STRICT_OBJC_MSGSEND = YES;
				GCC_C_LANGUAGE_STANDARD = gnu11;
				GCC_NO_COMMON_BLOCKS = YES;
				GCC_WARN_64_TO_32_BIT_CONVERSION = YES;
				GCC_WARN_ABOUT_RETURN_TYPE = YES_ERROR;
				GCC_WARN_UNDECLARED_SELECTOR = YES;
				GCC_WARN_UNINITIALIZED_AUTOS = YES_AGGRESSIVE;
				GCC_WARN_UNUSED_FUNCTION = YES;
				GCC_WARN_UNUSED_VARIABLE = YES;
				IPHONEOS_DEPLOYMENT_TARGET = 11.1;
				MTL_ENABLE_DEBUG_INFO = NO;
				SDKROOT = iphoneos;
				SWIFT_OPTIMIZATION_LEVEL = "-Owholemodule";
				VALIDATE_PRODUCT = YES;
			};
			name = Release;
		};
		64D5302F20B405CC0081689C /* Debug */ = {
			isa = XCBuildConfiguration;
			buildSettings = {
				ASSETCATALOG_COMPILER_APPICON_NAME = AppIcon;
				CODE_SIGN_STYLE = Automatic;
				DEVELOPMENT_TEAM = N8694D952Y;
				INFOPLIST_FILE = Appstore/Info.plist;
				LD_RUNPATH_SEARCH_PATHS = "$(inherited) @executable_path/Frameworks";
				PRODUCT_BUNDLE_IDENTIFIER = com.selva.Appstore;
				PRODUCT_NAME = "$(TARGET_NAME)";
				SWIFT_VERSION = 4.0;
				TARGETED_DEVICE_FAMILY = "1,2";
			};
			name = Debug;
		};
		64D5303020B405CC0081689C /* Release */ = {
			isa = XCBuildConfiguration;
			buildSettings = {
				ASSETCATALOG_COMPILER_APPICON_NAME = AppIcon;
				CODE_SIGN_STYLE = Automatic;
				DEVELOPMENT_TEAM = N8694D952Y;
				INFOPLIST_FILE = Appstore/Info.plist;
				LD_RUNPATH_SEARCH_PATHS = "$(inherited) @executable_path/Frameworks";
				PRODUCT_BUNDLE_IDENTIFIER = com.selva.Appstore;
				PRODUCT_NAME = "$(TARGET_NAME)";
				SWIFT_VERSION = 4.0;
				TARGETED_DEVICE_FAMILY = "1,2";
			};
			name = Release;
		};
/* End XCBuildConfiguration section */

/* Begin XCConfigurationList section */
		64D5301420B405CC0081689C /* Build configuration list for PBXProject "Appstore" */ = {
			isa = XCConfigurationList;
			buildConfigurations = (
				64D5302C20B405CC0081689C /* Debug */,
				64D5302D20B405CC0081689C /* Release */,
			);
			defaultConfigurationIsVisible = 0;
			defaultConfigurationName = Release;
		};
		64D5302E20B405CC0081689C /* Build configuration list for PBXNativeTarget "Appstore" */ = {
			isa = XCConfigurationList;
			buildConfigurations = (
				64D5302F20B405CC0081689C /* Debug */,
				64D5303020B405CC0081689C /* Release */,
			);
			defaultConfigurationIsVisible = 0;
			defaultConfigurationName = Release;
		};
/* End XCConfigurationList section */

/* Begin XCVersionGroup section */
		64D5302320B405CC0081689C /* Appstore.xcdatamodeld */ = {
			isa = XCVersionGroup;
			children = (
				64D5302420B405CC0081689C /* Appstore.xcdatamodel */,
			);
			currentVersion = 64D5302420B405CC0081689C /* Appstore.xcdatamodel */;
			path = Appstore.xcdatamodeld;
			sourceTree = "<group>";
			versionGroupType = wrapper.xcdatamodel;
		};
/* End XCVersionGroup section */
	};
	rootObject = 64D5301120B405CC0081689C /* Project object */;
}
